// !$*UTF8*$!
{
	archiveVersion = 1;
	classes = {
	};
	objectVersion = 46;
	objects = {

/* Begin PBXBuildFile section */
		15F1A80841FB1B1954CCD493 /* Pods_douyuTV.framework in Frameworks */ = {isa = PBXBuildFile; fileRef = FBA758EB9B1FBEB4C6AF4313 /* Pods_douyuTV.framework */; };
		5042AEFC1E7A27A800A567FE /* BaseCollectViewController.m in Sources */ = {isa = PBXBuildFile; fileRef = 5042AEFB1E7A27A800A567FE /* BaseCollectViewController.m */; };
		5042AEFF1E7A2DD400A567FE /* CollectionHeaderView.xib in Resources */ = {isa = PBXBuildFile; fileRef = 5042AEFE1E7A2DD400A567FE /* CollectionHeaderView.xib */; };
		5042AF021E7A2DF600A567FE /* CollectionHeaderView.m in Sources */ = {isa = PBXBuildFile; fileRef = 5042AF011E7A2DF600A567FE /* CollectionHeaderView.m */; };
		5042AF0A1E7A3BFD00A567FE /* CollectionPrettyCell.xib in Resources */ = {isa = PBXBuildFile; fileRef = 5042AF091E7A3BFD00A567FE /* CollectionPrettyCell.xib */; };
		5042AF0D1E7A3C8A00A567FE /* CollectionNormalCell.m in Sources */ = {isa = PBXBuildFile; fileRef = 5042AF0C1E7A3C8A00A567FE /* CollectionNormalCell.m */; };
		5042AF101E7A3C9700A567FE /* CollectionPrettyCell.m in Sources */ = {isa = PBXBuildFile; fileRef = 5042AF0F1E7A3C9700A567FE /* CollectionPrettyCell.m */; };
		5042AF131E7A5DF200A567FE /* CollectionBaseCell.m in Sources */ = {isa = PBXBuildFile; fileRef = 5042AF121E7A5DF200A567FE /* CollectionBaseCell.m */; };
		50663AB81E78F61600AB3BAE /* PageTitleView.m in Sources */ = {isa = PBXBuildFile; fileRef = 50663AB71E78F61600AB3BAE /* PageTitleView.m */; };
		50663ABB1E79140E00AB3BAE /* PageContentView.m in Sources */ = {isa = PBXBuildFile; fileRef = 50663ABA1E79140E00AB3BAE /* PageContentView.m */; };
		50663ABF1E793EDA00AB3BAE /* RecommendViewController.m in Sources */ = {isa = PBXBuildFile; fileRef = 50663ABE1E793EDA00AB3BAE /* RecommendViewController.m */; };
		50663AC21E793EE800AB3BAE /* GameViewController.m in Sources */ = {isa = PBXBuildFile; fileRef = 50663AC11E793EE800AB3BAE /* GameViewController.m */; };
		50663AC51E793EF800AB3BAE /* AmuseViewController.m in Sources */ = {isa = PBXBuildFile; fileRef = 50663AC41E793EF800AB3BAE /* AmuseViewController.m */; };
		50663AC81E793F0300AB3BAE /* FunnyViewController.m in Sources */ = {isa = PBXBuildFile; fileRef = 50663AC71E793F0300AB3BAE /* FunnyViewController.m */; };
		5067F7B01E7B73790029838D /* RecommendCycleView.m in Sources */ = {isa = PBXBuildFile; fileRef = 5067F7AF1E7B73790029838D /* RecommendCycleView.m */; };
		5067F7B41E7B80580029838D /* RecommendBaseModel.m in Sources */ = {isa = PBXBuildFile; fileRef = 5067F7B31E7B80580029838D /* RecommendBaseModel.m */; };
		5067F7B61E7B828B0029838D /* CollectionNormalCell.xib in Resources */ = {isa = PBXBuildFile; fileRef = 5067F7B51E7B828B0029838D /* CollectionNormalCell.xib */; };
		5067F7BA1E7B88850029838D /* CollectionCycleCell.m in Sources */ = {isa = PBXBuildFile; fileRef = 5067F7B81E7B88850029838D /* CollectionCycleCell.m */; };
		5067F7BB1E7B88850029838D /* CollectionCycleCell.xib in Resources */ = {isa = PBXBuildFile; fileRef = 5067F7B91E7B88850029838D /* CollectionCycleCell.xib */; };
		5067F7BE1E7BC7D90029838D /* CycleModel.m in Sources */ = {isa = PBXBuildFile; fileRef = 5067F7BD1E7BC7D90029838D /* CycleModel.m */; };
		509FA9911E7BEA69000EE94B /* NSData+Time.m in Sources */ = {isa = PBXBuildFile; fileRef = 509FA9901E7BEA69000EE94B /* NSData+Time.m */; };
		50FD6B581E78D4F3003BBBCB /* main.m in Sources */ = {isa = PBXBuildFile; fileRef = 50FD6B571E78D4F3003BBBCB /* main.m */; };
		50FD6B5B1E78D4F3003BBBCB /* AppDelegate.m in Sources */ = {isa = PBXBuildFile; fileRef = 50FD6B5A1E78D4F3003BBBCB /* AppDelegate.m */; };
		50FD6B611E78D4F3003BBBCB /* Main.storyboard in Resources */ = {isa = PBXBuildFile; fileRef = 50FD6B5F1E78D4F3003BBBCB /* Main.storyboard */; };
		50FD6B631E78D4F3003BBBCB /* Assets.xcassets in Resources */ = {isa = PBXBuildFile; fileRef = 50FD6B621E78D4F3003BBBCB /* Assets.xcassets */; };
		50FD6B661E78D4F3003BBBCB /* LaunchScreen.storyboard in Resources */ = {isa = PBXBuildFile; fileRef = 50FD6B641E78D4F3003BBBCB /* LaunchScreen.storyboard */; };
		50FD6B711E78D4F3003BBBCB /* douyuTVTests.m in Sources */ = {isa = PBXBuildFile; fileRef = 50FD6B701E78D4F3003BBBCB /* douyuTVTests.m */; };
		50FD6B7C1E78D4F3003BBBCB /* douyuTVUITests.m in Sources */ = {isa = PBXBuildFile; fileRef = 50FD6B7B1E78D4F3003BBBCB /* douyuTVUITests.m */; };
		50FD6B8C1E78D68C003BBBCB /* HomeViewController.m in Sources */ = {isa = PBXBuildFile; fileRef = 50FD6B8A1E78D68C003BBBCB /* HomeViewController.m */; };
		50FD6B8D1E78D68C003BBBCB /* HomeViewController.xib in Resources */ = {isa = PBXBuildFile; fileRef = 50FD6B8B1E78D68C003BBBCB /* HomeViewController.xib */; };
		50FD6B911E78D6EE003BBBCB /* LiveViewController.m in Sources */ = {isa = PBXBuildFile; fileRef = 50FD6B8F1E78D6EE003BBBCB /* LiveViewController.m */; };
		50FD6B921E78D6EE003BBBCB /* LiveViewController.xib in Resources */ = {isa = PBXBuildFile; fileRef = 50FD6B901E78D6EE003BBBCB /* LiveViewController.xib */; };
		50FD6B961E78D6FC003BBBCB /* FollowViewController.m in Sources */ = {isa = PBXBuildFile; fileRef = 50FD6B941E78D6FC003BBBCB /* FollowViewController.m */; };
		50FD6B971E78D6FC003BBBCB /* FollowViewController.xib in Resources */ = {isa = PBXBuildFile; fileRef = 50FD6B951E78D6FC003BBBCB /* FollowViewController.xib */; };
		50FD6B9B1E78D70A003BBBCB /* ProfileViewController.m in Sources */ = {isa = PBXBuildFile; fileRef = 50FD6B991E78D70A003BBBCB /* ProfileViewController.m */; };
		50FD6B9C1E78D70A003BBBCB /* ProfileViewController.xib in Resources */ = {isa = PBXBuildFile; fileRef = 50FD6B9A1E78D70A003BBBCB /* ProfileViewController.xib */; };
/* End PBXBuildFile section */

/* Begin PBXContainerItemProxy section */
		50FD6B6D1E78D4F3003BBBCB /* PBXContainerItemProxy */ = {
			isa = PBXContainerItemProxy;
			containerPortal = 50FD6B4B1E78D4F3003BBBCB /* Project object */;
			proxyType = 1;
			remoteGlobalIDString = 50FD6B521E78D4F3003BBBCB;
			remoteInfo = douyuTV;
		};
		50FD6B781E78D4F3003BBBCB /* PBXContainerItemProxy */ = {
			isa = PBXContainerItemProxy;
			containerPortal = 50FD6B4B1E78D4F3003BBBCB /* Project object */;
			proxyType = 1;
			remoteGlobalIDString = 50FD6B521E78D4F3003BBBCB;
			remoteInfo = douyuTV;
		};
/* End PBXContainerItemProxy section */

/* Begin PBXFileReference section */
		38DF02E63FE70643BE1746F6 /* Pods-douyuTV.debug.xcconfig */ = {isa = PBXFileReference; includeInIndex = 1; lastKnownFileType = text.xcconfig; name = "Pods-douyuTV.debug.xcconfig"; path = "Pods/Target Support Files/Pods-douyuTV/Pods-douyuTV.debug.xcconfig"; sourceTree = "<group>"; };
		5042AEFA1E7A27A800A567FE /* BaseCollectViewController.h */ = {isa = PBXFileReference; fileEncoding = 4; lastKnownFileType = sourcecode.c.h; path = BaseCollectViewController.h; sourceTree = "<group>"; };
		5042AEFB1E7A27A800A567FE /* BaseCollectViewController.m */ = {isa = PBXFileReference; fileEncoding = 4; lastKnownFileType = sourcecode.c.objc; path = BaseCollectViewController.m; sourceTree = "<group>"; };
		5042AEFE1E7A2DD400A567FE /* CollectionHeaderView.xib */ = {isa = PBXFileReference; fileEncoding = 4; lastKnownFileType = file.xib; path = CollectionHeaderView.xib; sourceTree = "<group>"; };
		5042AF001E7A2DF600A567FE /* CollectionHeaderView.h */ = {isa = PBXFileReference; fileEncoding = 4; lastKnownFileType = sourcecode.c.h; path = CollectionHeaderView.h; sourceTree = "<group>"; };
		5042AF011E7A2DF600A567FE /* CollectionHeaderView.m */ = {isa = PBXFileReference; fileEncoding = 4; lastKnownFileType = sourcecode.c.objc; path = CollectionHeaderView.m; sourceTree = "<group>"; };
		5042AF091E7A3BFD00A567FE /* CollectionPrettyCell.xib */ = {isa = PBXFileReference; fileEncoding = 4; lastKnownFileType = file.xib; path = CollectionPrettyCell.xib; sourceTree = "<group>"; };
		5042AF0B1E7A3C8A00A567FE /* CollectionNormalCell.h */ = {isa = PBXFileReference; fileEncoding = 4; lastKnownFileType = sourcecode.c.h; path = CollectionNormalCell.h; sourceTree = "<group>"; };
		5042AF0C1E7A3C8A00A567FE /* CollectionNormalCell.m */ = {isa = PBXFileReference; fileEncoding = 4; lastKnownFileType = sourcecode.c.objc; path = CollectionNormalCell.m; sourceTree = "<group>"; };
		5042AF0E1E7A3C9700A567FE /* CollectionPrettyCell.h */ = {isa = PBXFileReference; fileEncoding = 4; lastKnownFileType = sourcecode.c.h; path = CollectionPrettyCell.h; sourceTree = "<group>"; };
		5042AF0F1E7A3C9700A567FE /* CollectionPrettyCell.m */ = {isa = PBXFileReference; fileEncoding = 4; lastKnownFileType = sourcecode.c.objc; path = CollectionPrettyCell.m; sourceTree = "<group>"; };
		5042AF111E7A5DF200A567FE /* CollectionBaseCell.h */ = {isa = PBXFileReference; fileEncoding = 4; lastKnownFileType = sourcecode.c.h; path = CollectionBaseCell.h; sourceTree = "<group>"; };
		5042AF121E7A5DF200A567FE /* CollectionBaseCell.m */ = {isa = PBXFileReference; fileEncoding = 4; lastKnownFileType = sourcecode.c.objc; path = CollectionBaseCell.m; sourceTree = "<group>"; };
		50663AB61E78F61600AB3BAE /* PageTitleView.h */ = {isa = PBXFileReference; fileEncoding = 4; lastKnownFileType = sourcecode.c.h; path = PageTitleView.h; sourceTree = "<group>"; };
		50663AB71E78F61600AB3BAE /* PageTitleView.m */ = {isa = PBXFileReference; fileEncoding = 4; lastKnownFileType = sourcecode.c.objc; path = PageTitleView.m; sourceTree = "<group>"; };
		50663AB91E79140E00AB3BAE /* PageContentView.h */ = {isa = PBXFileReference; fileEncoding = 4; lastKnownFileType = sourcecode.c.h; path = PageContentView.h; sourceTree = "<group>"; };
		50663ABA1E79140E00AB3BAE /* PageContentView.m */ = {isa = PBXFileReference; fileEncoding = 4; lastKnownFileType = sourcecode.c.objc; path = PageContentView.m; sourceTree = "<group>"; };
		50663ABC1E791A9F00AB3BAE /* WFPrefix.pch */ = {isa = PBXFileReference; lastKnownFileType = sourcecode.c.h; path = WFPrefix.pch; sourceTree = "<group>"; };
		50663ABD1E793EDA00AB3BAE /* RecommendViewController.h */ = {isa = PBXFileReference; fileEncoding = 4; lastKnownFileType = sourcecode.c.h; path = RecommendViewController.h; sourceTree = "<group>"; };
		50663ABE1E793EDA00AB3BAE /* RecommendViewController.m */ = {isa = PBXFileReference; fileEncoding = 4; lastKnownFileType = sourcecode.c.objc; path = RecommendViewController.m; sourceTree = "<group>"; };
		50663AC01E793EE800AB3BAE /* GameViewController.h */ = {isa = PBXFileReference; fileEncoding = 4; lastKnownFileType = sourcecode.c.h; path = GameViewController.h; sourceTree = "<group>"; };
		50663AC11E793EE800AB3BAE /* GameViewController.m */ = {isa = PBXFileReference; fileEncoding = 4; lastKnownFileType = sourcecode.c.objc; path = GameViewController.m; sourceTree = "<group>"; };
		50663AC31E793EF800AB3BAE /* AmuseViewController.h */ = {isa = PBXFileReference; fileEncoding = 4; lastKnownFileType = sourcecode.c.h; path = AmuseViewController.h; sourceTree = "<group>"; };
		50663AC41E793EF800AB3BAE /* AmuseViewController.m */ = {isa = PBXFileReference; fileEncoding = 4; lastKnownFileType = sourcecode.c.objc; path = AmuseViewController.m; sourceTree = "<group>"; };
		50663AC61E793F0300AB3BAE /* FunnyViewController.h */ = {isa = PBXFileReference; fileEncoding = 4; lastKnownFileType = sourcecode.c.h; path = FunnyViewController.h; sourceTree = "<group>"; };
		50663AC71E793F0300AB3BAE /* FunnyViewController.m */ = {isa = PBXFileReference; fileEncoding = 4; lastKnownFileType = sourcecode.c.objc; path = FunnyViewController.m; sourceTree = "<group>"; };
		5067F7AE1E7B73790029838D /* RecommendCycleView.h */ = {isa = PBXFileReference; fileEncoding = 4; lastKnownFileType = sourcecode.c.h; path = RecommendCycleView.h; sourceTree = "<group>"; };
		5067F7AF1E7B73790029838D /* RecommendCycleView.m */ = {isa = PBXFileReference; fileEncoding = 4; lastKnownFileType = sourcecode.c.objc; path = RecommendCycleView.m; sourceTree = "<group>"; };
		5067F7B21E7B80580029838D /* RecommendBaseModel.h */ = {isa = PBXFileReference; fileEncoding = 4; lastKnownFileType = sourcecode.c.h; path = RecommendBaseModel.h; sourceTree = "<group>"; };
		5067F7B31E7B80580029838D /* RecommendBaseModel.m */ = {isa = PBXFileReference; fileEncoding = 4; lastKnownFileType = sourcecode.c.objc; path = RecommendBaseModel.m; sourceTree = "<group>"; };
		5067F7B51E7B828B0029838D /* CollectionNormalCell.xib */ = {isa = PBXFileReference; fileEncoding = 4; lastKnownFileType = file.xib; path = CollectionNormalCell.xib; sourceTree = "<group>"; };
		5067F7B71E7B88850029838D /* CollectionCycleCell.h */ = {isa = PBXFileReference; fileEncoding = 4; lastKnownFileType = sourcecode.c.h; path = CollectionCycleCell.h; sourceTree = "<group>"; };
		5067F7B81E7B88850029838D /* CollectionCycleCell.m */ = {isa = PBXFileReference; fileEncoding = 4; lastKnownFileType = sourcecode.c.objc; path = CollectionCycleCell.m; sourceTree = "<group>"; };
		5067F7B91E7B88850029838D /* CollectionCycleCell.xib */ = {isa = PBXFileReference; fileEncoding = 4; lastKnownFileType = file.xib; path = CollectionCycleCell.xib; sourceTree = "<group>"; };
		5067F7BC1E7BC7D90029838D /* CycleModel.h */ = {isa = PBXFileReference; fileEncoding = 4; lastKnownFileType = sourcecode.c.h; path = CycleModel.h; sourceTree = "<group>"; };
		5067F7BD1E7BC7D90029838D /* CycleModel.m */ = {isa = PBXFileReference; fileEncoding = 4; lastKnownFileType = sourcecode.c.objc; path = CycleModel.m; sourceTree = "<group>"; };
		509FA98F1E7BEA69000EE94B /* NSData+Time.h */ = {isa = PBXFileReference; fileEncoding = 4; lastKnownFileType = sourcecode.c.h; path = "NSData+Time.h"; sourceTree = "<group>"; };
		509FA9901E7BEA69000EE94B /* NSData+Time.m */ = {isa = PBXFileReference; fileEncoding = 4; lastKnownFileType = sourcecode.c.objc; path = "NSData+Time.m"; sourceTree = "<group>"; };
		50FD6B531E78D4F3003BBBCB /* douyuTV.app */ = {isa = PBXFileReference; explicitFileType = wrapper.application; includeInIndex = 0; path = douyuTV.app; sourceTree = BUILT_PRODUCTS_DIR; };
		50FD6B571E78D4F3003BBBCB /* main.m */ = {isa = PBXFileReference; lastKnownFileType = sourcecode.c.objc; path = main.m; sourceTree = "<group>"; };
		50FD6B591E78D4F3003BBBCB /* AppDelegate.h */ = {isa = PBXFileReference; lastKnownFileType = sourcecode.c.h; path = AppDelegate.h; sourceTree = "<group>"; };
		50FD6B5A1E78D4F3003BBBCB /* AppDelegate.m */ = {isa = PBXFileReference; lastKnownFileType = sourcecode.c.objc; path = AppDelegate.m; sourceTree = "<group>"; };
		50FD6B601E78D4F3003BBBCB /* Base */ = {isa = PBXFileReference; lastKnownFileType = file.storyboard; name = Base; path = Base.lproj/Main.storyboard; sourceTree = "<group>"; };
		50FD6B621E78D4F3003BBBCB /* Assets.xcassets */ = {isa = PBXFileReference; lastKnownFileType = folder.assetcatalog; path = Assets.xcassets; sourceTree = "<group>"; };
		50FD6B651E78D4F3003BBBCB /* Base */ = {isa = PBXFileReference; lastKnownFileType = file.storyboard; name = Base; path = Base.lproj/LaunchScreen.storyboard; sourceTree = "<group>"; };
		50FD6B671E78D4F3003BBBCB /* Info.plist */ = {isa = PBXFileReference; lastKnownFileType = text.plist.xml; path = Info.plist; sourceTree = "<group>"; };
		50FD6B6C1E78D4F3003BBBCB /* douyuTVTests.xctest */ = {isa = PBXFileReference; explicitFileType = wrapper.cfbundle; includeInIndex = 0; path = douyuTVTests.xctest; sourceTree = BUILT_PRODUCTS_DIR; };
		50FD6B701E78D4F3003BBBCB /* douyuTVTests.m */ = {isa = PBXFileReference; lastKnownFileType = sourcecode.c.objc; path = douyuTVTests.m; sourceTree = "<group>"; };
		50FD6B721E78D4F3003BBBCB /* Info.plist */ = {isa = PBXFileReference; lastKnownFileType = text.plist.xml; path = Info.plist; sourceTree = "<group>"; };
		50FD6B771E78D4F3003BBBCB /* douyuTVUITests.xctest */ = {isa = PBXFileReference; explicitFileType = wrapper.cfbundle; includeInIndex = 0; path = douyuTVUITests.xctest; sourceTree = BUILT_PRODUCTS_DIR; };
		50FD6B7B1E78D4F3003BBBCB /* douyuTVUITests.m */ = {isa = PBXFileReference; lastKnownFileType = sourcecode.c.objc; path = douyuTVUITests.m; sourceTree = "<group>"; };
		50FD6B7D1E78D4F3003BBBCB /* Info.plist */ = {isa = PBXFileReference; lastKnownFileType = text.plist.xml; path = Info.plist; sourceTree = "<group>"; };
		50FD6B891E78D68C003BBBCB /* HomeViewController.h */ = {isa = PBXFileReference; fileEncoding = 4; lastKnownFileType = sourcecode.c.h; path = HomeViewController.h; sourceTree = "<group>"; };
		50FD6B8A1E78D68C003BBBCB /* HomeViewController.m */ = {isa = PBXFileReference; fileEncoding = 4; lastKnownFileType = sourcecode.c.objc; path = HomeViewController.m; sourceTree = "<group>"; };
		50FD6B8B1E78D68C003BBBCB /* HomeViewController.xib */ = {isa = PBXFileReference; fileEncoding = 4; lastKnownFileType = file.xib; path = HomeViewController.xib; sourceTree = "<group>"; };
		50FD6B8E1E78D6EE003BBBCB /* LiveViewController.h */ = {isa = PBXFileReference; fileEncoding = 4; lastKnownFileType = sourcecode.c.h; path = LiveViewController.h; sourceTree = "<group>"; };
		50FD6B8F1E78D6EE003BBBCB /* LiveViewController.m */ = {isa = PBXFileReference; fileEncoding = 4; lastKnownFileType = sourcecode.c.objc; path = LiveViewController.m; sourceTree = "<group>"; };
		50FD6B901E78D6EE003BBBCB /* LiveViewController.xib */ = {isa = PBXFileReference; fileEncoding = 4; lastKnownFileType = file.xib; path = LiveViewController.xib; sourceTree = "<group>"; };
		50FD6B931E78D6FC003BBBCB /* FollowViewController.h */ = {isa = PBXFileReference; fileEncoding = 4; lastKnownFileType = sourcecode.c.h; path = FollowViewController.h; sourceTree = "<group>"; };
		50FD6B941E78D6FC003BBBCB /* FollowViewController.m */ = {isa = PBXFileReference; fileEncoding = 4; lastKnownFileType = sourcecode.c.objc; path = FollowViewController.m; sourceTree = "<group>"; };
		50FD6B951E78D6FC003BBBCB /* FollowViewController.xib */ = {isa = PBXFileReference; fileEncoding = 4; lastKnownFileType = file.xib; path = FollowViewController.xib; sourceTree = "<group>"; };
		50FD6B981E78D70A003BBBCB /* ProfileViewController.h */ = {isa = PBXFileReference; fileEncoding = 4; lastKnownFileType = sourcecode.c.h; path = ProfileViewController.h; sourceTree = "<group>"; };
		50FD6B991E78D70A003BBBCB /* ProfileViewController.m */ = {isa = PBXFileReference; fileEncoding = 4; lastKnownFileType = sourcecode.c.objc; path = ProfileViewController.m; sourceTree = "<group>"; };
		50FD6B9A1E78D70A003BBBCB /* ProfileViewController.xib */ = {isa = PBXFileReference; fileEncoding = 4; lastKnownFileType = file.xib; path = ProfileViewController.xib; sourceTree = "<group>"; };
		66677AC59CECFC0000563571 /* Pods-douyuTV.release.xcconfig */ = {isa = PBXFileReference; includeInIndex = 1; lastKnownFileType = text.xcconfig; name = "Pods-douyuTV.release.xcconfig"; path = "Pods/Target Support Files/Pods-douyuTV/Pods-douyuTV.release.xcconfig"; sourceTree = "<group>"; };
		FBA758EB9B1FBEB4C6AF4313 /* Pods_douyuTV.framework */ = {isa = PBXFileReference; explicitFileType = wrapper.framework; includeInIndex = 0; path = Pods_douyuTV.framework; sourceTree = BUILT_PRODUCTS_DIR; };
/* End PBXFileReference section */

/* Begin PBXFrameworksBuildPhase section */
		50FD6B501E78D4F3003BBBCB /* Frameworks */ = {
			isa = PBXFrameworksBuildPhase;
			buildActionMask = 2147483647;
			files = (
				15F1A80841FB1B1954CCD493 /* Pods_douyuTV.framework in Frameworks */,
			);
			runOnlyForDeploymentPostprocessing = 0;
		};
		50FD6B691E78D4F3003BBBCB /* Frameworks */ = {
			isa = PBXFrameworksBuildPhase;
			buildActionMask = 2147483647;
			files = (
			);
			runOnlyForDeploymentPostprocessing = 0;
		};
		50FD6B741E78D4F3003BBBCB /* Frameworks */ = {
			isa = PBXFrameworksBuildPhase;
			buildActionMask = 2147483647;
			files = (
			);
			runOnlyForDeploymentPostprocessing = 0;
		};
/* End PBXFrameworksBuildPhase section */

/* Begin PBXGroup section */
		5042AEFD1E7A2DC000A567FE /* cell */ = {
			isa = PBXGroup;
			children = (
				5067F7B71E7B88850029838D /* CollectionCycleCell.h */,
				5067F7B81E7B88850029838D /* CollectionCycleCell.m */,
				5067F7B91E7B88850029838D /* CollectionCycleCell.xib */,
				5042AF001E7A2DF600A567FE /* CollectionHeaderView.h */,
				5042AF011E7A2DF600A567FE /* CollectionHeaderView.m */,
				5042AEFE1E7A2DD400A567FE /* CollectionHeaderView.xib */,
				5042AF0B1E7A3C8A00A567FE /* CollectionNormalCell.h */,
				5042AF0C1E7A3C8A00A567FE /* CollectionNormalCell.m */,
				5067F7B51E7B828B0029838D /* CollectionNormalCell.xib */,
				5042AF0E1E7A3C9700A567FE /* CollectionPrettyCell.h */,
				5042AF0F1E7A3C9700A567FE /* CollectionPrettyCell.m */,
				5042AF091E7A3BFD00A567FE /* CollectionPrettyCell.xib */,
				5042AF111E7A5DF200A567FE /* CollectionBaseCell.h */,
				5042AF121E7A5DF200A567FE /* CollectionBaseCell.m */,
			);
			name = cell;
			sourceTree = "<group>";
		};
		50663AB11E78F5A400AB3BAE /* home */ = {
			isa = PBXGroup;
			children = (
				5067F7B11E7B80180029838D /* model */,
				50663AB51E78F5F700AB3BAE /* customView */,
				5042AEFD1E7A2DC000A567FE /* cell */,
				509FA98E1E7BE8BD000EE94B /* controller */,
			);
			name = home;
			sourceTree = "<group>";
		};
		50663AB21E78F5B800AB3BAE /* live */ = {
			isa = PBXGroup;
			children = (
				50FD6B8E1E78D6EE003BBBCB /* LiveViewController.h */,
				50FD6B8F1E78D6EE003BBBCB /* LiveViewController.m */,
				50FD6B901E78D6EE003BBBCB /* LiveViewController.xib */,
			);
			name = live;
			sourceTree = "<group>";
		};
		50663AB31E78F5C500AB3BAE /* follow */ = {
			isa = PBXGroup;
			children = (
				50FD6B931E78D6FC003BBBCB /* FollowViewController.h */,
				50FD6B941E78D6FC003BBBCB /* FollowViewController.m */,
				50FD6B951E78D6FC003BBBCB /* FollowViewController.xib */,
			);
			name = follow;
			sourceTree = "<group>";
		};
		50663AB41E78F5D400AB3BAE /* profile */ = {
			isa = PBXGroup;
			children = (
				50FD6B981E78D70A003BBBCB /* ProfileViewController.h */,
				50FD6B991E78D70A003BBBCB /* ProfileViewController.m */,
				50FD6B9A1E78D70A003BBBCB /* ProfileViewController.xib */,
			);
			name = profile;
			sourceTree = "<group>";
		};
		50663AB51E78F5F700AB3BAE /* customView */ = {
			isa = PBXGroup;
			children = (
				50663AB61E78F61600AB3BAE /* PageTitleView.h */,
				50663AB71E78F61600AB3BAE /* PageTitleView.m */,
				50663AB91E79140E00AB3BAE /* PageContentView.h */,
				50663ABA1E79140E00AB3BAE /* PageContentView.m */,
				5067F7AE1E7B73790029838D /* RecommendCycleView.h */,
				5067F7AF1E7B73790029838D /* RecommendCycleView.m */,
			);
			name = customView;
			sourceTree = "<group>";
		};
		5067F7B11E7B80180029838D /* model */ = {
			isa = PBXGroup;
			children = (
				5067F7B21E7B80580029838D /* RecommendBaseModel.h */,
				5067F7B31E7B80580029838D /* RecommendBaseModel.m */,
				5067F7BC1E7BC7D90029838D /* CycleModel.h */,
				5067F7BD1E7BC7D90029838D /* CycleModel.m */,
			);
			name = model;
			sourceTree = "<group>";
		};
		509FA98E1E7BE8BD000EE94B /* controller */ = {
			isa = PBXGroup;
			children = (
				50FD6B891E78D68C003BBBCB /* HomeViewController.h */,
				50FD6B8A1E78D68C003BBBCB /* HomeViewController.m */,
				50FD6B8B1E78D68C003BBBCB /* HomeViewController.xib */,
				5042AEFA1E7A27A800A567FE /* BaseCollectViewController.h */,
				5042AEFB1E7A27A800A567FE /* BaseCollectViewController.m */,
				50663ABD1E793EDA00AB3BAE /* RecommendViewController.h */,
				50663ABE1E793EDA00AB3BAE /* RecommendViewController.m */,
				50663AC01E793EE800AB3BAE /* GameViewController.h */,
				50663AC11E793EE800AB3BAE /* GameViewController.m */,
				50663AC31E793EF800AB3BAE /* AmuseViewController.h */,
				50663AC41E793EF800AB3BAE /* AmuseViewController.m */,
				50663AC61E793F0300AB3BAE /* FunnyViewController.h */,
				50663AC71E793F0300AB3BAE /* FunnyViewController.m */,
			);
			name = controller;
			sourceTree = "<group>";
		};
		50FD6B4A1E78D4F3003BBBCB = {
			isa = PBXGroup;
			children = (
				50FD6B551E78D4F3003BBBCB /* douyuTV */,
				50FD6B6F1E78D4F3003BBBCB /* douyuTVTests */,
				50FD6B7A1E78D4F3003BBBCB /* douyuTVUITests */,
				50FD6B541E78D4F3003BBBCB /* Products */,
				EC50556EDBA70413B98EA0E6 /* Pods */,
				EF7C0B474585FDCDB8B6915E /* Frameworks */,
			);
			sourceTree = "<group>";
		};
		50FD6B541E78D4F3003BBBCB /* Products */ = {
			isa = PBXGroup;
			children = (
				50FD6B531E78D4F3003BBBCB /* douyuTV.app */,
				50FD6B6C1E78D4F3003BBBCB /* douyuTVTests.xctest */,
				50FD6B771E78D4F3003BBBCB /* douyuTVUITests.xctest */,
			);
			name = Products;
			sourceTree = "<group>";
		};
		50FD6B551E78D4F3003BBBCB /* douyuTV */ = {
			isa = PBXGroup;
			children = (
				50FD6B591E78D4F3003BBBCB /* AppDelegate.h */,
				50FD6B5A1E78D4F3003BBBCB /* AppDelegate.m */,
				50663AB11E78F5A400AB3BAE /* home */,
				50663AB21E78F5B800AB3BAE /* live */,
				50663AB31E78F5C500AB3BAE /* follow */,
				50663AB41E78F5D400AB3BAE /* profile */,
				50FD6B5F1E78D4F3003BBBCB /* Main.storyboard */,
				50FD6B621E78D4F3003BBBCB /* Assets.xcassets */,
				50FD6B641E78D4F3003BBBCB /* LaunchScreen.storyboard */,
				50FD6B671E78D4F3003BBBCB /* Info.plist */,
				50FD6B561E78D4F3003BBBCB /* Supporting Files */,
			);
			path = douyuTV;
			sourceTree = "<group>";
		};
		50FD6B561E78D4F3003BBBCB /* Supporting Files */ = {
			isa = PBXGroup;
			children = (
				50FD6B571E78D4F3003BBBCB /* main.m */,
				50663ABC1E791A9F00AB3BAE /* WFPrefix.pch */,
				509FA98F1E7BEA69000EE94B /* NSData+Time.h */,
				509FA9901E7BEA69000EE94B /* NSData+Time.m */,
			);
			name = "Supporting Files";
			sourceTree = "<group>";
		};
		50FD6B6F1E78D4F3003BBBCB /* douyuTVTests */ = {
			isa = PBXGroup;
			children = (
				50FD6B701E78D4F3003BBBCB /* douyuTVTests.m */,
				50FD6B721E78D4F3003BBBCB /* Info.plist */,
			);
			path = douyuTVTests;
			sourceTree = "<group>";
		};
		50FD6B7A1E78D4F3003BBBCB /* douyuTVUITests */ = {
			isa = PBXGroup;
			children = (
				50FD6B7B1E78D4F3003BBBCB /* douyuTVUITests.m */,
				50FD6B7D1E78D4F3003BBBCB /* Info.plist */,
			);
			path = douyuTVUITests;
			sourceTree = "<group>";
		};
		EC50556EDBA70413B98EA0E6 /* Pods */ = {
			isa = PBXGroup;
			children = (
				38DF02E63FE70643BE1746F6 /* Pods-douyuTV.debug.xcconfig */,
				66677AC59CECFC0000563571 /* Pods-douyuTV.release.xcconfig */,
			);
			name = Pods;
			sourceTree = "<group>";
		};
		EF7C0B474585FDCDB8B6915E /* Frameworks */ = {
			isa = PBXGroup;
			children = (
				FBA758EB9B1FBEB4C6AF4313 /* Pods_douyuTV.framework */,
			);
			name = Frameworks;
			sourceTree = "<group>";
		};
/* End PBXGroup section */

/* Begin PBXNativeTarget section */
		50FD6B521E78D4F3003BBBCB /* douyuTV */ = {
			isa = PBXNativeTarget;
			buildConfigurationList = 50FD6B801E78D4F3003BBBCB /* Build configuration list for PBXNativeTarget "douyuTV" */;
			buildPhases = (
				A3C8A316C8E7C51D188ADD1B /* [CP] Check Pods Manifest.lock */,
				50FD6B4F1E78D4F3003BBBCB /* Sources */,
				50FD6B501E78D4F3003BBBCB /* Frameworks */,
				50FD6B511E78D4F3003BBBCB /* Resources */,
				1DBA1E84C2E161318B00DC9C /* [CP] Embed Pods Frameworks */,
				37760B2B44CA9FF94B7ED6D8 /* [CP] Copy Pods Resources */,
			);
			buildRules = (
			);
			dependencies = (
			);
			name = douyuTV;
			productName = douyuTV;
			productReference = 50FD6B531E78D4F3003BBBCB /* douyuTV.app */;
			productType = "com.apple.product-type.application";
		};
		50FD6B6B1E78D4F3003BBBCB /* douyuTVTests */ = {
			isa = PBXNativeTarget;
			buildConfigurationList = 50FD6B831E78D4F3003BBBCB /* Build configuration list for PBXNativeTarget "douyuTVTests" */;
			buildPhases = (
				50FD6B681E78D4F3003BBBCB /* Sources */,
				50FD6B691E78D4F3003BBBCB /* Frameworks */,
				50FD6B6A1E78D4F3003BBBCB /* Resources */,
			);
			buildRules = (
			);
			dependencies = (
				50FD6B6E1E78D4F3003BBBCB /* PBXTargetDependency */,
			);
			name = douyuTVTests;
			productName = douyuTVTests;
			productReference = 50FD6B6C1E78D4F3003BBBCB /* douyuTVTests.xctest */;
			productType = "com.apple.product-type.bundle.unit-test";
		};
		50FD6B761E78D4F3003BBBCB /* douyuTVUITests */ = {
			isa = PBXNativeTarget;
			buildConfigurationList = 50FD6B861E78D4F3003BBBCB /* Build configuration list for PBXNativeTarget "douyuTVUITests" */;
			buildPhases = (
				50FD6B731E78D4F3003BBBCB /* Sources */,
				50FD6B741E78D4F3003BBBCB /* Frameworks */,
				50FD6B751E78D4F3003BBBCB /* Resources */,
			);
			buildRules = (
			);
			dependencies = (
				50FD6B791E78D4F3003BBBCB /* PBXTargetDependency */,
			);
			name = douyuTVUITests;
			productName = douyuTVUITests;
			productReference = 50FD6B771E78D4F3003BBBCB /* douyuTVUITests.xctest */;
			productType = "com.apple.product-type.bundle.ui-testing";
		};
/* End PBXNativeTarget section */

/* Begin PBXProject section */
		50FD6B4B1E78D4F3003BBBCB /* Project object */ = {
			isa = PBXProject;
			attributes = {
				LastUpgradeCheck = 0800;
				ORGANIZATIONNAME = "吴凡";
				TargetAttributes = {
					50FD6B521E78D4F3003BBBCB = {
						CreatedOnToolsVersion = 8.0;
						ProvisioningStyle = Manual;
					};
					50FD6B6B1E78D4F3003BBBCB = {
						CreatedOnToolsVersion = 8.0;
						ProvisioningStyle = Automatic;
						TestTargetID = 50FD6B521E78D4F3003BBBCB;
					};
					50FD6B761E78D4F3003BBBCB = {
						CreatedOnToolsVersion = 8.0;
						ProvisioningStyle = Automatic;
						TestTargetID = 50FD6B521E78D4F3003BBBCB;
					};
				};
			};
			buildConfigurationList = 50FD6B4E1E78D4F3003BBBCB /* Build configuration list for PBXProject "douyuTV" */;
			compatibilityVersion = "Xcode 3.2";
			developmentRegion = English;
			hasScannedForEncodings = 0;
			knownRegions = (
				en,
				Base,
			);
			mainGroup = 50FD6B4A1E78D4F3003BBBCB;
			productRefGroup = 50FD6B541E78D4F3003BBBCB /* Products */;
			projectDirPath = "";
			projectRoot = "";
			targets = (
				50FD6B521E78D4F3003BBBCB /* douyuTV */,
				50FD6B6B1E78D4F3003BBBCB /* douyuTVTests */,
				50FD6B761E78D4F3003BBBCB /* douyuTVUITests */,
			);
		};
/* End PBXProject section */

/* Begin PBXResourcesBuildPhase section */
		50FD6B511E78D4F3003BBBCB /* Resources */ = {
			isa = PBXResourcesBuildPhase;
			buildActionMask = 2147483647;
			files = (
				50FD6B9C1E78D70A003BBBCB /* ProfileViewController.xib in Resources */,
				5042AEFF1E7A2DD400A567FE /* CollectionHeaderView.xib in Resources */,
				5067F7B61E7B828B0029838D /* CollectionNormalCell.xib in Resources */,
				50FD6B661E78D4F3003BBBCB /* LaunchScreen.storyboard in Resources */,
				5067F7BB1E7B88850029838D /* CollectionCycleCell.xib in Resources */,
				50FD6B971E78D6FC003BBBCB /* FollowViewController.xib in Resources */,
				50FD6B631E78D4F3003BBBCB /* Assets.xcassets in Resources */,
				50FD6B611E78D4F3003BBBCB /* Main.storyboard in Resources */,
				5042AF0A1E7A3BFD00A567FE /* CollectionPrettyCell.xib in Resources */,
				50FD6B921E78D6EE003BBBCB /* LiveViewController.xib in Resources */,
				50FD6B8D1E78D68C003BBBCB /* HomeViewController.xib in Resources */,
			);
			runOnlyForDeploymentPostprocessing = 0;
		};
		50FD6B6A1E78D4F3003BBBCB /* Resources */ = {
			isa = PBXResourcesBuildPhase;
			buildActionMask = 2147483647;
			files = (
			);
			runOnlyForDeploymentPostprocessing = 0;
		};
		50FD6B751E78D4F3003BBBCB /* Resources */ = {
			isa = PBXResourcesBuildPhase;
			buildActionMask = 2147483647;
			files = (
			);
			runOnlyForDeploymentPostprocessing = 0;
		};
/* End PBXResourcesBuildPhase section */

/* Begin PBXShellScriptBuildPhase section */
		1DBA1E84C2E161318B00DC9C /* [CP] Embed Pods Frameworks */ = {
			isa = PBXShellScriptBuildPhase;
			buildActionMask = 2147483647;
			files = (
			);
			inputPaths = (
			);
			name = "[CP] Embed Pods Frameworks";
			outputPaths = (
			);
			runOnlyForDeploymentPostprocessing = 0;
			shellPath = /bin/sh;
			shellScript = "\"${SRCROOT}/Pods/Target Support Files/Pods-douyuTV/Pods-douyuTV-frameworks.sh\"\n";
			showEnvVarsInLog = 0;
		};
		37760B2B44CA9FF94B7ED6D8 /* [CP] Copy Pods Resources */ = {
			isa = PBXShellScriptBuildPhase;
			buildActionMask = 2147483647;
			files = (
			);
			inputPaths = (
			);
			name = "[CP] Copy Pods Resources";
			outputPaths = (
			);
			runOnlyForDeploymentPostprocessing = 0;
			shellPath = /bin/sh;
			shellScript = "\"${SRCROOT}/Pods/Target Support Files/Pods-douyuTV/Pods-douyuTV-resources.sh\"\n";
			showEnvVarsInLog = 0;
		};
		A3C8A316C8E7C51D188ADD1B /* [CP] Check Pods Manifest.lock */ = {
			isa = PBXShellScriptBuildPhase;
			buildActionMask = 2147483647;
			files = (
			);
			inputPaths = (
			);
			name = "[CP] Check Pods Manifest.lock";
			outputPaths = (
			);
			runOnlyForDeploymentPostprocessing = 0;
			shellPath = /bin/sh;
			shellScript = "diff \"${PODS_ROOT}/../Podfile.lock\" \"${PODS_ROOT}/Manifest.lock\" > /dev/null\nif [[ $? != 0 ]] ; then\n    cat << EOM\nerror: The sandbox is not in sync with the Podfile.lock. Run 'pod install' or update your CocoaPods installation.\nEOM\n    exit 1\nfi\n";
			showEnvVarsInLog = 0;
		};
/* End PBXShellScriptBuildPhase section */

/* Begin PBXSourcesBuildPhase section */
		50FD6B4F1E78D4F3003BBBCB /* Sources */ = {
			isa = PBXSourcesBuildPhase;
			buildActionMask = 2147483647;
			files = (
				5067F7BA1E7B88850029838D /* CollectionCycleCell.m in Sources */,
				50FD6B911E78D6EE003BBBCB /* LiveViewController.m in Sources */,
				50663AC81E793F0300AB3BAE /* FunnyViewController.m in Sources */,
				509FA9911E7BEA69000EE94B /* NSData+Time.m in Sources */,
				50663AC21E793EE800AB3BAE /* GameViewController.m in Sources */,
				5042AF021E7A2DF600A567FE /* CollectionHeaderView.m in Sources */,
				50663ABF1E793EDA00AB3BAE /* RecommendViewController.m in Sources */,
				5042AF101E7A3C9700A567FE /* CollectionPrettyCell.m in Sources */,
				5067F7BE1E7BC7D90029838D /* CycleModel.m in Sources */,
				5067F7B41E7B80580029838D /* RecommendBaseModel.m in Sources */,
				5042AF0D1E7A3C8A00A567FE /* CollectionNormalCell.m in Sources */,
				50663ABB1E79140E00AB3BAE /* PageContentView.m in Sources */,
				50FD6B5B1E78D4F3003BBBCB /* AppDelegate.m in Sources */,
				5042AEFC1E7A27A800A567FE /* BaseCollectViewController.m in Sources */,
				5042AF131E7A5DF200A567FE /* CollectionBaseCell.m in Sources */,
				50FD6B581E78D4F3003BBBCB /* main.m in Sources */,
				5067F7B01E7B73790029838D /* RecommendCycleView.m in Sources */,
				50663AB81E78F61600AB3BAE /* PageTitleView.m in Sources */,
				50FD6B9B1E78D70A003BBBCB /* ProfileViewController.m in Sources */,
				50FD6B8C1E78D68C003BBBCB /* HomeViewController.m in Sources */,
				50663AC51E793EF800AB3BAE /* AmuseViewController.m in Sources */,
				50FD6B961E78D6FC003BBBCB /* FollowViewController.m in Sources */,
			);
			runOnlyForDeploymentPostprocessing = 0;
		};
		50FD6B681E78D4F3003BBBCB /* Sources */ = {
			isa = PBXSourcesBuildPhase;
			buildActionMask = 2147483647;
			files = (
				50FD6B711E78D4F3003BBBCB /* douyuTVTests.m in Sources */,
			);
			runOnlyForDeploymentPostprocessing = 0;
		};
		50FD6B731E78D4F3003BBBCB /* Sources */ = {
			isa = PBXSourcesBuildPhase;
			buildActionMask = 2147483647;
			files = (
				50FD6B7C1E78D4F3003BBBCB /* douyuTVUITests.m in Sources */,
			);
			runOnlyForDeploymentPostprocessing = 0;
		};
/* End PBXSourcesBuildPhase section */

/* Begin PBXTargetDependency section */
		50FD6B6E1E78D4F3003BBBCB /* PBXTargetDependency */ = {
			isa = PBXTargetDependency;
			target = 50FD6B521E78D4F3003BBBCB /* douyuTV */;
			targetProxy = 50FD6B6D1E78D4F3003BBBCB /* PBXContainerItemProxy */;
		};
		50FD6B791E78D4F3003BBBCB /* PBXTargetDependency */ = {
			isa = PBXTargetDependency;
			target = 50FD6B521E78D4F3003BBBCB /* douyuTV */;
			targetProxy = 50FD6B781E78D4F3003BBBCB /* PBXContainerItemProxy */;
		};
/* End PBXTargetDependency section */

/* Begin PBXVariantGroup section */
		50FD6B5F1E78D4F3003BBBCB /* Main.storyboard */ = {
			isa = PBXVariantGroup;
			children = (
				50FD6B601E78D4F3003BBBCB /* Base */,
			);
			name = Main.storyboard;
			sourceTree = "<group>";
		};
		50FD6B641E78D4F3003BBBCB /* LaunchScreen.storyboard */ = {
			isa = PBXVariantGroup;
			children = (
				50FD6B651E78D4F3003BBBCB /* Base */,
			);
			name = LaunchScreen.storyboard;
			sourceTree = "<group>";
		};
/* End PBXVariantGroup section */

/* Begin XCBuildConfiguration section */
		50FD6B7E1E78D4F3003BBBCB /* Debug */ = {
			isa = XCBuildConfiguration;
			buildSettings = {
				ALWAYS_SEARCH_USER_PATHS = NO;
				CLANG_ANALYZER_NONNULL = YES;
				CLANG_CXX_LANGUAGE_STANDARD = "gnu++0x";
				CLANG_CXX_LIBRARY = "libc++";
				CLANG_ENABLE_MODULES = YES;
				CLANG_ENABLE_OBJC_ARC = YES;
				CLANG_WARN_BOOL_CONVERSION = YES;
				CLANG_WARN_CONSTANT_CONVERSION = YES;
				CLANG_WARN_DIRECT_OBJC_ISA_USAGE = YES_ERROR;
				CLANG_WARN_DOCUMENTATION_COMMENTS = YES;
				CLANG_WARN_EMPTY_BODY = YES;
				CLANG_WARN_ENUM_CONVERSION = YES;
				CLANG_WARN_INFINITE_RECURSION = YES;
				CLANG_WARN_INT_CONVERSION = YES;
				CLANG_WARN_OBJC_ROOT_CLASS = YES_ERROR;
				CLANG_WARN_SUSPICIOUS_MOVES = YES;
				CLANG_WARN_UNREACHABLE_CODE = YES;
				CLANG_WARN__DUPLICATE_METHOD_MATCH = YES;
				"CODE_SIGN_IDENTITY[sdk=iphoneos*]" = "iPhone Developer";
				COPY_PHASE_STRIP = NO;
				DEBUG_INFORMATION_FORMAT = dwarf;
				ENABLE_STRICT_OBJC_MSGSEND = YES;
				ENABLE_TESTABILITY = YES;
				GCC_C_LANGUAGE_STANDARD = gnu99;
				GCC_DYNAMIC_NO_PIC = NO;
				GCC_NO_COMMON_BLOCKS = YES;
				GCC_OPTIMIZATION_LEVEL = 0;
				GCC_PREPROCESSOR_DEFINITIONS = (
					"DEBUG=1",
					"$(inherited)",
				);
				GCC_WARN_64_TO_32_BIT_CONVERSION = YES;
				GCC_WARN_ABOUT_RETURN_TYPE = YES_ERROR;
				GCC_WARN_UNDECLARED_SELECTOR = YES;
				GCC_WARN_UNINITIALIZED_AUTOS = YES_AGGRESSIVE;
				GCC_WARN_UNUSED_FUNCTION = YES;
				GCC_WARN_UNUSED_VARIABLE = YES;
				IPHONEOS_DEPLOYMENT_TARGET = 10.0;
				MTL_ENABLE_DEBUG_INFO = YES;
				ONLY_ACTIVE_ARCH = YES;
				SDKROOT = iphoneos;
				TARGETED_DEVICE_FAMILY = "1,2";
			};
			name = Debug;
		};
		50FD6B7F1E78D4F3003BBBCB /* Release */ = {
			isa = XCBuildConfiguration;
			buildSettings = {
				ALWAYS_SEARCH_USER_PATHS = NO;
				CLANG_ANALYZER_NONNULL = YES;
				CLANG_CXX_LANGUAGE_STANDARD = "gnu++0x";
				CLANG_CXX_LIBRARY = "libc++";
				CLANG_ENABLE_MODULES = YES;
				CLANG_ENABLE_OBJC_ARC = YES;
				CLANG_WARN_BOOL_CONVERSION = YES;
				CLANG_WARN_CONSTANT_CONVERSION = YES;
				CLANG_WARN_DIRECT_OBJC_ISA_USAGE = YES_ERROR;
				CLANG_WARN_DOCUMENTATION_COMMENTS = YES;
				CLANG_WARN_EMPTY_BODY = YES;
				CLANG_WARN_ENUM_CONVERSION = YES;
				CLANG_WARN_INFINITE_RECURSION = YES;
				CLANG_WARN_INT_CONVERSION = YES;
				CLANG_WARN_OBJC_ROOT_CLASS = YES_ERROR;
				CLANG_WARN_SUSPICIOUS_MOVES = YES;
				CLANG_WARN_UNREACHABLE_CODE = YES;
				CLANG_WARN__DUPLICATE_METHOD_MATCH = YES;
				"CODE_SIGN_IDENTITY[sdk=iphoneos*]" = "iPhone Developer";
				COPY_PHASE_STRIP = NO;
				DEBUG_INFORMATION_FORMAT = "dwarf-with-dsym";
				ENABLE_NS_ASSERTIONS = NO;
				ENABLE_STRICT_OBJC_MSGSEND = YES;
				GCC_C_LANGUAGE_STANDARD = gnu99;
				GCC_NO_COMMON_BLOCKS = YES;
				GCC_WARN_64_TO_32_BIT_CONVERSION = YES;
				GCC_WARN_ABOUT_RETURN_TYPE = YES_ERROR;
				GCC_WARN_UNDECLARED_SELECTOR = YES;
				GCC_WARN_UNINITIALIZED_AUTOS = YES_AGGRESSIVE;
				GCC_WARN_UNUSED_FUNCTION = YES;
				GCC_WARN_UNUSED_VARIABLE = YES;
				IPHONEOS_DEPLOYMENT_TARGET = 10.0;
				MTL_ENABLE_DEBUG_INFO = NO;
				SDKROOT = iphoneos;
				TARGETED_DEVICE_FAMILY = "1,2";
				VALIDATE_PRODUCT = YES;
			};
			name = Release;
		};
		50FD6B811E78D4F3003BBBCB /* Debug */ = {
			isa = XCBuildConfiguration;
			baseConfigurationReference = 38DF02E63FE70643BE1746F6 /* Pods-douyuTV.debug.xcconfig */;
			buildSettings = {
				ASSETCATALOG_COMPILER_APPICON_NAME = AppIcon;
				ASSETCATALOG_COMPILER_LAUNCHIMAGE_NAME = LaunchImage;
				DEVELOPMENT_TEAM = "";
				GCC_PRECOMPILE_PREFIX_HEADER = YES;
				GCC_PREFIX_HEADER = "$(SRCROOT)/douyuTV/WFPrefix.pch";
				INFOPLIST_FILE = douyuTV/Info.plist;
				LD_RUNPATH_SEARCH_PATHS = "$(inherited) @executable_path/Frameworks";
				PRODUCT_BUNDLE_IDENTIFIER = "-23.douyuTV";
				PRODUCT_NAME = "$(TARGET_NAME)";
			};
			name = Debug;
		};
		50FD6B821E78D4F3003BBBCB /* Release */ = {
			isa = XCBuildConfiguration;
			baseConfigurationReference = 66677AC59CECFC0000563571 /* Pods-douyuTV.release.xcconfig */;
			buildSettings = {
				ASSETCATALOG_COMPILER_APPICON_NAME = AppIcon;
				ASSETCATALOG_COMPILER_LAUNCHIMAGE_NAME = LaunchImage;
				DEVELOPMENT_TEAM = "";
				GCC_PRECOMPILE_PREFIX_HEADER = YES;
				GCC_PREFIX_HEADER = "$(SRCROOT)/douyuTV/WFPrefix.pch";
				INFOPLIST_FILE = douyuTV/Info.plist;
				LD_RUNPATH_SEARCH_PATHS = "$(inherited) @executable_path/Frameworks";
				PRODUCT_BUNDLE_IDENTIFIER = "-23.douyuTV";
				PRODUCT_NAME = "$(TARGET_NAME)";
			};
			name = Release;
		};
		50FD6B841E78D4F3003BBBCB /* Debug */ = {
			isa = XCBuildConfiguration;
			buildSettings = {
				BUNDLE_LOADER = "$(TEST_HOST)";
				INFOPLIST_FILE = douyuTVTests/Info.plist;
				LD_RUNPATH_SEARCH_PATHS = "$(inherited) @executable_path/Frameworks @loader_path/Frameworks";
				PRODUCT_BUNDLE_IDENTIFIER = "-23.douyuTVTests";
				PRODUCT_NAME = "$(TARGET_NAME)";
				TEST_HOST = "$(BUILT_PRODUCTS_DIR)/douyuTV.app/douyuTV";
			};
			name = Debug;
		};
		50FD6B851E78D4F3003BBBCB /* Release */ = {
			isa = XCBuildConfiguration;
			buildSettings = {
				BUNDLE_LOADER = "$(TEST_HOST)";
				INFOPLIST_FILE = douyuTVTests/Info.plist;
				LD_RUNPATH_SEARCH_PATHS = "$(inherited) @executable_path/Frameworks @loader_path/Frameworks";
				PRODUCT_BUNDLE_IDENTIFIER = "-23.douyuTVTests";
				PRODUCT_NAME = "$(TARGET_NAME)";
				TEST_HOST = "$(BUILT_PRODUCTS_DIR)/douyuTV.app/douyuTV";
			};
			name = Release;
		};
		50FD6B871E78D4F3003BBBCB /* Debug */ = {
			isa = XCBuildConfiguration;
			buildSettings = {
				INFOPLIST_FILE = douyuTVUITests/Info.plist;
				LD_RUNPATH_SEARCH_PATHS = "$(inherited) @executable_path/Frameworks @loader_path/Frameworks";
				PRODUCT_BUNDLE_IDENTIFIER = "-23.douyuTVUITests";
				PRODUCT_NAME = "$(TARGET_NAME)";
				TEST_TARGET_NAME = douyuTV;
			};
			name = Debug;
		};
		50FD6B881E78D4F3003BBBCB /* Release */ = {
			isa = XCBuildConfiguration;
			buildSettings = {
				INFOPLIST_FILE = douyuTVUITests/Info.plist;
				LD_RUNPATH_SEARCH_PATHS = "$(inherited) @executable_path/Frameworks @loader_path/Frameworks";
				PRODUCT_BUNDLE_IDENTIFIER = "-23.douyuTVUITests";
				PRODUCT_NAME = "$(TARGET_NAME)";
				TEST_TARGET_NAME = douyuTV;
			};
			name = Release;
		};
/* End XCBuildConfiguration section */

/* Begin XCConfigurationList section */
		50FD6B4E1E78D4F3003BBBCB /* Build configuration list for PBXProject "douyuTV" */ = {
			isa = XCConfigurationList;
			buildConfigurations = (
				50FD6B7E1E78D4F3003BBBCB /* Debug */,
				50FD6B7F1E78D4F3003BBBCB /* Release */,
			);
			defaultConfigurationIsVisible = 0;
			defaultConfigurationName = Release;
		};
		50FD6B801E78D4F3003BBBCB /* Build configuration list for PBXNativeTarget "douyuTV" */ = {
			isa = XCConfigurationList;
			buildConfigurations = (
				50FD6B811E78D4F3003BBBCB /* Debug */,
				50FD6B821E78D4F3003BBBCB /* Release */,
			);
			defaultConfigurationIsVisible = 0;
			defaultConfigurationName = Release;
		};
		50FD6B831E78D4F3003BBBCB /* Build configuration list for PBXNativeTarget "douyuTVTests" */ = {
			isa = XCConfigurationList;
			buildConfigurations = (
				50FD6B841E78D4F3003BBBCB /* Debug */,
				50FD6B851E78D4F3003BBBCB /* Release */,
			);
			defaultConfigurationIsVisible = 0;
			defaultConfigurationName = Release;
		};
		50FD6B861E78D4F3003BBBCB /* Build configuration list for PBXNativeTarget "douyuTVUITests" */ = {
			isa = XCConfigurationList;
			buildConfigurations = (
				50FD6B871E78D4F3003BBBCB /* Debug */,
				50FD6B881E78D4F3003BBBCB /* Release */,
			);
			defaultConfigurationIsVisible = 0;
			defaultConfigurationName = Release;
		};
/* End XCConfigurationList section */
	};
	rootObject = 50FD6B4B1E78D4F3003BBBCB /* Project object */;
}
